
Microsoft Visual Studio Solution File, Format Version 12.00
# Visual Studio Version 17
VisualStudioVersion = 17.9.34728.123
MinimumVisualStudioVersion = 10.0.40219.1
Project("{FAE04EC0-301F-11D3-BF4B-00C04F79EFBC}") = "TarifUygulamasi", "TarifUygulamasi\TarifUygulamasi.csproj", "{0494BA9E-7EAD-4564-BCE7-475153C41344}"
EndProject
Global
	GlobalSection(SolutionConfigurationPlatforms) = preSolution
		Debug|Any CPU = Debug|Any CPU
		Release|Any CPU = Release|Any CPU
	EndGlobalSection
	GlobalSection(ProjectConfigurationPlatforms) = postSolution
		{0494BA9E-7EAD-4564-BCE7-475153C41344}.Debug|Any CPU.ActiveCfg = Debug|Any CPU
		{0494BA9E-7EAD-4564-BCE7-475153C41344}.Debug|Any CPU.Build.0 = Debug|Any CPU
		{0494BA9E-7EAD-4564-BCE7-475153C41344}.Release|Any CPU.ActiveCfg = Release|Any CPU
		{0494BA9E-7EAD-4564-BCE7-475153C41344}.Release|Any CPU.Build.0 = Release|Any CPU
	EndGlobalSection
	GlobalSection(SolutionProperties) = preSolution
		HideSolutionNode = FALSE
	EndGlobalSection
	GlobalSection(ExtensibilityGlobals) = postSolution
		SolutionGuid = {80B12BC3-C817-4EB6-BFC7-210F599A9621}
	EndGlobalSection
EndGlobal
